
Microsoft Visual Studio Solution File, Format Version 12.00
# Visual Studio Version 16
VisualStudioVersion = 16.0.31624.102
MinimumVisualStudioVersion = 10.0.40219.1
Project("{FAE04EC0-301F-11D3-BF4B-00C04F79EFBC}") = "WhatTo", "WhatTo\WhatTo.csproj", "{F51A18AD-04F1-4E1E-9C6F-651571E80DD5}"
EndProject
Global
	GlobalSection(SolutionConfigurationPlatforms) = preSolution
		Debug|Any CPU = Debug|Any CPU
		Release|Any CPU = Release|Any CPU
	EndGlobalSection
	GlobalSection(ProjectConfigurationPlatforms) = postSolution
		{F51A18AD-04F1-4E1E-9C6F-651571E80DD5}.Debug|Any CPU.ActiveCfg = Debug|Any CPU
		{F51A18AD-04F1-4E1E-9C6F-651571E80DD5}.Debug|Any CPU.Build.0 = Debug|Any CPU
		{F51A18AD-04F1-4E1E-9C6F-651571E80DD5}.Release|Any CPU.ActiveCfg = Release|Any CPU
		{F51A18AD-04F1-4E1E-9C6F-651571E80DD5}.Release|Any CPU.Build.0 = Release|Any CPU
	EndGlobalSection
	GlobalSection(SolutionProperties) = preSolution
		HideSolutionNode = FALSE
	EndGlobalSection
	GlobalSection(ExtensibilityGlobals) = postSolution
		SolutionGuid = {5784EE63-8735-4C6A-8F41-00BF11B57256}
	EndGlobalSection
EndGlobal
